
Microsoft Visual Studio Solution File, Format Version 12.00
# Visual Studio 15
VisualStudioVersion = 15.0.27825.0
MinimumVisualStudioVersion = 10.0.40219.1
Project("{9A19103F-16F7-4668-BE54-9A1E7A4F7556}") = "JetAnotherEMS.WebApi", "JetAnotherEMS.WebApi\JetAnotherEMS.WebApi.csproj", "{66D68197-DC51-4A47-BDA4-E5EDE67E7BEF}"
EndProject
Project("{9A19103F-16F7-4668-BE54-9A1E7A4F7556}") = "JetAnotherEMS.Application", "JetAnotherEMS.Application\JetAnotherEMS.Application.csproj", "{C534B7D9-E6C0-4681-BE99-0252C3EEC762}"
EndProject
Project("{9A19103F-16F7-4668-BE54-9A1E7A4F7556}") = "JetAnotherEMS.Domain.Core", "JetAnotherEMS.Domain.Core\JetAnotherEMS.Domain.Core.csproj", "{92565D83-3D82-4432-850A-270A3C03A4D3}"
EndProject
Project("{9A19103F-16F7-4668-BE54-9A1E7A4F7556}") = "JetAnotherEMS.Domain", "JetAnotherEMS.Domain\JetAnotherEMS.Domain.csproj", "{244B1CA1-B04B-444A-ABBA-0090FA067FC1}"
EndProject
Project("{9A19103F-16F7-4668-BE54-9A1E7A4F7556}") = "JetAnotherEMS.Infrastructure.Bus", "JetAnotherEMS.Infrastructure.Bus\JetAnotherEMS.Infrastructure.Bus.csproj", "{8CF08312-4627-4987-9240-F35CA1AB53E7}"
EndProject
Project("{9A19103F-16F7-4668-BE54-9A1E7A4F7556}") = "JetAnotherEMS.Infrastructure.IoC", "JetAnotherEMS.Infrastructure.IoC\JetAnotherEMS.Infrastructure.IoC.csproj", "{7F339CA2-05D1-483F-B118-7400625CBC45}"
EndProject
Project("{9A19103F-16F7-4668-BE54-9A1E7A4F7556}") = "JetAnotherEMS.Infrastructure.Data", "JetAnotherEMS.Infrastructure.Data\JetAnotherEMS.Infrastructure.Data.csproj", "{115A58DF-0679-4A57-BE6E-B5A06731FEEA}"
EndProject
Project("{FAE04EC0-301F-11D3-BF4B-00C04F79EFBC}") = "JetAnotherEMS.Infrastructure.Identity", "JetAnotherEMS.Infrastructure.Identity\JetAnotherEMS.Infrastructure.Identity.csproj", "{38D26AA5-5024-433F-A442-C0909F05835E}"
EndProject
Global
	GlobalSection(SolutionConfigurationPlatforms) = preSolution
		Debug|Any CPU = Debug|Any CPU
		Release|Any CPU = Release|Any CPU
	EndGlobalSection
	GlobalSection(ProjectConfigurationPlatforms) = postSolution
		{66D68197-DC51-4A47-BDA4-E5EDE67E7BEF}.Debug|Any CPU.ActiveCfg = Debug|Any CPU
		{66D68197-DC51-4A47-BDA4-E5EDE67E7BEF}.Debug|Any CPU.Build.0 = Debug|Any CPU
		{66D68197-DC51-4A47-BDA4-E5EDE67E7BEF}.Release|Any CPU.ActiveCfg = Release|Any CPU
		{66D68197-DC51-4A47-BDA4-E5EDE67E7BEF}.Release|Any CPU.Build.0 = Release|Any CPU
		{C534B7D9-E6C0-4681-BE99-0252C3EEC762}.Debug|Any CPU.ActiveCfg = Debug|Any CPU
		{C534B7D9-E6C0-4681-BE99-0252C3EEC762}.Debug|Any CPU.Build.0 = Debug|Any CPU
		{C534B7D9-E6C0-4681-BE99-0252C3EEC762}.Release|Any CPU.ActiveCfg = Release|Any CPU
		{C534B7D9-E6C0-4681-BE99-0252C3EEC762}.Release|Any CPU.Build.0 = Release|Any CPU
		{92565D83-3D82-4432-850A-270A3C03A4D3}.Debug|Any CPU.ActiveCfg = Debug|Any CPU
		{92565D83-3D82-4432-850A-270A3C03A4D3}.Debug|Any CPU.Build.0 = Debug|Any CPU
		{92565D83-3D82-4432-850A-270A3C03A4D3}.Release|Any CPU.ActiveCfg = Release|Any CPU
		{92565D83-3D82-4432-850A-270A3C03A4D3}.Release|Any CPU.Build.0 = Release|Any CPU
		{244B1CA1-B04B-444A-ABBA-0090FA067FC1}.Debug|Any CPU.ActiveCfg = Debug|Any CPU
		{244B1CA1-B04B-444A-ABBA-0090FA067FC1}.Debug|Any CPU.Build.0 = Debug|Any CPU
		{244B1CA1-B04B-444A-ABBA-0090FA067FC1}.Release|Any CPU.ActiveCfg = Release|Any CPU
		{244B1CA1-B04B-444A-ABBA-0090FA067FC1}.Release|Any CPU.Build.0 = Release|Any CPU
		{8CF08312-4627-4987-9240-F35CA1AB53E7}.Debug|Any CPU.ActiveCfg = Debug|Any CPU
		{8CF08312-4627-4987-9240-F35CA1AB53E7}.Debug|Any CPU.Build.0 = Debug|Any CPU
		{8CF08312-4627-4987-9240-F35CA1AB53E7}.Release|Any CPU.ActiveCfg = Release|Any CPU
		{8CF08312-4627-4987-9240-F35CA1AB53E7}.Release|Any CPU.Build.0 = Release|Any CPU
		{7F339CA2-05D1-483F-B118-7400625CBC45}.Debug|Any CPU.ActiveCfg = Debug|Any CPU
		{7F339CA2-05D1-483F-B118-7400625CBC45}.Debug|Any CPU.Build.0 = Debug|Any CPU
		{7F339CA2-05D1-483F-B118-7400625CBC45}.Release|Any CPU.ActiveCfg = Release|Any CPU
		{7F339CA2-05D1-483F-B118-7400625CBC45}.Release|Any CPU.Build.0 = Release|Any CPU
		{115A58DF-0679-4A57-BE6E-B5A06731FEEA}.Debug|Any CPU.ActiveCfg = Debug|Any CPU
		{115A58DF-0679-4A57-BE6E-B5A06731FEEA}.Debug|Any CPU.Build.0 = Debug|Any CPU
		{115A58DF-0679-4A57-BE6E-B5A06731FEEA}.Release|Any CPU.ActiveCfg = Release|Any CPU
		{115A58DF-0679-4A57-BE6E-B5A06731FEEA}.Release|Any CPU.Build.0 = Release|Any CPU
		{38D26AA5-5024-433F-A442-C0909F05835E}.Debug|Any CPU.ActiveCfg = Debug|Any CPU
		{38D26AA5-5024-433F-A442-C0909F05835E}.Debug|Any CPU.Build.0 = Debug|Any CPU
		{38D26AA5-5024-433F-A442-C0909F05835E}.Release|Any CPU.ActiveCfg = Release|Any CPU
		{38D26AA5-5024-433F-A442-C0909F05835E}.Release|Any CPU.Build.0 = Release|Any CPU
	EndGlobalSection
	GlobalSection(SolutionProperties) = preSolution
		HideSolutionNode = FALSE
	EndGlobalSection
	GlobalSection(ExtensibilityGlobals) = postSolution
		SolutionGuid = {FCF3C830-C7AB-4220-BB2A-48E8CA67801C}
	EndGlobalSection
EndGlobal
